# THIS IS AN AUTOGENERATED FILE. DO NOT EDIT THIS FILE DIRECTLY.
# yarn lockfile v1


"@babel/runtime@^7.1.2", "@babel/runtime@^7.4.5":
  version "7.6.0"
  resolved "https://registry.yarnpkg.com/@babel/runtime/-/runtime-7.6.0.tgz#4fc1d642a9fd0299754e8b5de62c631cf5568205"
  integrity sha512-89eSBLJsxNxOERC0Op4vd+0Bqm6wRMqMbFtV3i0/fbaWw/mJ8Q3eBvgX0G4SyrOOLCtbu98HspF8o09MRT+KzQ==
  dependencies:
    regenerator-runtime "^0.13.2"

"@bit/react-bootstrap.react-bootstrap.col@1.0.0":
  version "1.0.0"
  resolved "https://node.bit.dev/react-bootstrap.react-bootstrap.col/-/react-bootstrap.react-bootstrap.col-1.0.0.tgz#fed25e08b2a309c14017306563163cc6642c1c61"
  integrity sha1-/tJeCLKjCcFAFzBlYxY8xmQsHGE=
  dependencies:
    "@bit/react-bootstrap.react-bootstrap.theme-provider" "1.0.0"
    classnames "^2.2.6"
    prop-types "^15.6.2"
    prop-types-extra "^1.1.0"

"@bit/react-bootstrap.react-bootstrap.collapse@1.0.0":
  version "1.0.0"
  resolved "https://node.bit.dev/react-bootstrap.react-bootstrap.collapse/-/react-bootstrap.react-bootstrap.collapse-1.0.0.tgz#3e6f2e5d9c61e34e51bc96110946de8d816df2b8"
  integrity sha1-Pm8uXZxh405RvJYRCUbejYFt8rg=
  dependencies:
    "@bit/react-bootstrap.react-bootstrap.create-chained-function" "1.0.0"
    "@bit/react-bootstrap.react-bootstrap.trigger-browser-reflow" "1.0.0"
    classnames "^2.2.6"
    dom-helpers "^3.4.0"
    prop-types "^15.6.2"
    react-transition-group "^2.5.1"

"@bit/react-bootstrap.react-bootstrap.create-chained-function@1.0.0":
  version "1.0.0"
  resolved "https://node.bit.dev/react-bootstrap.react-bootstrap.create-chained-function/-/react-bootstrap.react-bootstrap.create-chained-function-1.0.0.tgz#9323b0b32bb9e37bd805f8fb2f0e2ae42bee8ee9"
  integrity sha1-kyOwsyu543vYBfj7Lw4q5Cvujuk=

"@bit/react-bootstrap.react-bootstrap.create-with-bs-prefix@1.0.0":
  version "1.0.0"
  resolved "https://node.bit.dev/react-bootstrap.react-bootstrap.create-with-bs-prefix/-/react-bootstrap.react-bootstrap.create-with-bs-prefix-1.0.0.tgz#deae038c1e59fca9bfac309494bd97af5892e221"
  integrity sha1-3q4DjB5Z/Km/rDCUlL2Xr1iS4iE=
  dependencies:
    "@bit/react-bootstrap.react-bootstrap.theme-provider" "1.0.0"
    classnames "^2.2.6"
    dom-helpers "^3.4.0"

"@bit/react-bootstrap.react-bootstrap.navbar-brand@1.0.0":
  version "1.0.0"
  resolved "https://node.bit.dev/react-bootstrap.react-bootstrap.navbar-brand/-/react-bootstrap.react-bootstrap.navbar-brand-1.0.0.tgz#e09f9529211448bc0c2b7c89786acd354c1f1af7"
  integrity sha1-4J+VKSEUSLwMK3yJeGrNNUwfGvc=
  dependencies:
    "@bit/react-bootstrap.react-bootstrap.theme-provider" "1.0.0"
    classnames "^2.2.6"
    prop-types "^15.6.2"
    prop-types-extra "^1.1.0"

"@bit/react-bootstrap.react-bootstrap.navbar-collapse@1.0.0":
  version "1.0.0"
  resolved "https://node.bit.dev/react-bootstrap.react-bootstrap.navbar-collapse/-/react-bootstrap.react-bootstrap.navbar-collapse-1.0.0.tgz#2c14ae355bebb61e0e3084351f7604c2a50ba727"
  integrity sha1-LBSuNVvrth4OMIQ1H3YEwqULpyc=
  dependencies:
    "@bit/react-bootstrap.react-bootstrap.collapse" "1.0.0"
    "@bit/react-bootstrap.react-bootstrap.navbar-context" "1.0.0"
    "@bit/react-bootstrap.react-bootstrap.theme-provider" "1.0.0"
    prop-types "^15.6.2"

"@bit/react-bootstrap.react-bootstrap.navbar-context@1.0.0":
  version "1.0.0"
  resolved "https://node.bit.dev/react-bootstrap.react-bootstrap.navbar-context/-/react-bootstrap.react-bootstrap.navbar-context-1.0.0.tgz#bf03aa234ed8d553c58a3dd8185de841ef938367"
  integrity sha1-vwOqI07Y1VPFij3YGF3oQe+Tg2c=

"@bit/react-bootstrap.react-bootstrap.navbar-toggle@1.0.0":
  version "1.0.0"
  resolved "https://node.bit.dev/react-bootstrap.react-bootstrap.navbar-toggle/-/react-bootstrap.react-bootstrap.navbar-toggle-1.0.0.tgz#bc7aa6a5df66f38556b8d5ee86c91bc6c1849461"
  integrity sha1-vHqmpd9m84VWuNXuhskbxsGElGE=
  dependencies:
    "@bit/react-bootstrap.react-bootstrap.navbar-context" "1.0.0"
    "@bit/react-bootstrap.react-bootstrap.theme-provider" "1.0.0"
    classnames "^2.2.6"
    prop-types "^15.6.2"
    prop-types-extra "^1.1.0"

"@bit/react-bootstrap.react-bootstrap.navbar@1.0.0":
  version "1.0.0"
  resolved "https://node.bit.dev/react-bootstrap.react-bootstrap.navbar/-/react-bootstrap.react-bootstrap.navbar-1.0.0.tgz#64ddcaed8e6f83c11b248cc703e7f05164120bb3"
  integrity sha1-ZN3K7Y5vg8EbJIzHA+fwUWQSC7M=
  dependencies:
    "@bit/react-bootstrap.react-bootstrap.create-with-bs-prefix" "1.0.0"
    "@bit/react-bootstrap.react-bootstrap.navbar-brand" "1.0.0"
    "@bit/react-bootstrap.react-bootstrap.navbar-collapse" "1.0.0"
    "@bit/react-bootstrap.react-bootstrap.navbar-context" "1.0.0"
    "@bit/react-bootstrap.react-bootstrap.navbar-toggle" "1.0.0"
    "@bit/react-bootstrap.react-bootstrap.selectable-context" "1.0.0"
    "@bit/react-bootstrap.react-bootstrap.theme-provider" "1.0.0"
    classnames "^2.2.6"
    prop-types "^15.6.2"
    prop-types-extra "^1.1.0"
    uncontrollable "^6.0.0"

"@bit/react-bootstrap.react-bootstrap.selectable-context@1.0.0":
  version "1.0.0"
  resolved "https://node.bit.dev/react-bootstrap.react-bootstrap.selectable-context/-/react-bootstrap.react-bootstrap.selectable-context-1.0.0.tgz#e92aab8a2deb36e19678570360fe4799c4674f9c"
  integrity sha1-6Sqrii3rNuGWeFcDYP5HmcRnT5w=

"@bit/react-bootstrap.react-bootstrap.theme-provider@1.0.0":
  version "1.0.0"
  resolved "https://node.bit.dev/react-bootstrap.react-bootstrap.theme-provider/-/react-bootstrap.react-bootstrap.theme-provider-1.0.0.tgz#2efb9e8785b98187790014117bb8fc3d8086cb77"
  integrity sha1-Lvueh4W5gYd5ABQRe7j8PYCGy3c=
  dependencies:
    prop-types "^15.6.2"
    react-context-toolbox "^2.0.2"

"@bit/react-bootstrap.react-bootstrap.trigger-browser-reflow@1.0.0":
  version "1.0.0"
  resolved "https://node.bit.dev/react-bootstrap.react-bootstrap.trigger-browser-reflow/-/react-bootstrap.react-bootstrap.trigger-browser-reflow-1.0.0.tgz#a73e965696b2a53fcc022438db97914a3d43719c"
  integrity sha1-pz6WVpaypT/MAiQ425eRSj1DcZw=

classnames@^2.2.6:
  version "2.2.6"
  resolved "https://registry.yarnpkg.com/classnames/-/classnames-2.2.6.tgz#43935bffdd291f326dad0a205309b38d00f650ce"
  integrity sha512-JR/iSQOSt+LQIWwrwEzJ9uk0xfN3mTVYMwt1Ir5mUcSN6pU+V4zQFFaJsclJbPuAUQH+yfWef6tm7l1quW3C8Q==

dom-helpers@^3.4.0:
  version "3.4.0"
  resolved "https://registry.yarnpkg.com/dom-helpers/-/dom-helpers-3.4.0.tgz#e9b369700f959f62ecde5a6babde4bccd9169af8"
  integrity sha512-LnuPJ+dwqKDIyotW1VzmOZ5TONUN7CwkCR5hrgawTUbkBGYdeoNLZo6nNfGkCrjtE1nXXaj7iMMpDa8/d9WoIA==
  dependencies:
    "@babel/runtime" "^7.1.2"

invariant@^2.2.4:
  version "2.2.4"
  resolved "https://registry.yarnpkg.com/invariant/-/invariant-2.2.4.tgz#610f3c92c9359ce1db616e538008d23ff35158e6"
  integrity sha512-phJfQVBuaJM5raOpJjSfkiD6BpbCE4Ns//LaXl6wGYtUBY83nWS6Rf9tXm2e8VaK60JEjYldbPif/A2B1C2gNA==
  dependencies:
    loose-envify "^1.0.0"

"js-tokens@^3.0.0 || ^4.0.0":
  version "4.0.0"
  resolved "https://registry.yarnpkg.com/js-tokens/-/js-tokens-4.0.0.tgz#19203fb59991df98e3a287050d4647cdeaf32499"
  integrity sha512-RdJUflcE3cUzKiMqQgsCu06FPu9UdIJO0beYbPhHN4k6apgJtifcoCtT9bcxOpYBtpD2kCM6Sbzg4CausW/PKQ==

loose-envify@^1.0.0, loose-envify@^1.1.0, loose-envify@^1.4.0:
  version "1.4.0"
  resolved "https://registry.yarnpkg.com/loose-envify/-/loose-envify-1.4.0.tgz#71ee51fa7be4caec1a63839f7e682d8132d30caf"
  integrity sha512-lyuxPGr/Wfhrlem2CL/UcnUc1zcqKAImBDzukY7Y5F/yQiNdko6+fRLevlw1HgMySw7f611UIY408EtxRSoK3Q==
  dependencies:
    js-tokens "^3.0.0 || ^4.0.0"

object-assign@^4.1.1:
  version "4.1.1"
  resolved "https://registry.yarnpkg.com/object-assign/-/object-assign-4.1.1.tgz#2109adc7965887cfc05cbbd442cac8bfbb360863"
  integrity sha1-IQmtx5ZYh8/AXLvUQsrIv7s2CGM=

prop-types-extra@^1.1.0:
  version "1.1.0"
  resolved "https://registry.yarnpkg.com/prop-types-extra/-/prop-types-extra-1.1.0.tgz#32609910ea2dcf190366bacd3490d5a6412a605f"
  integrity sha512-QFyuDxvMipmIVKD2TwxLVPzMnO4e5oOf1vr3tJIomL8E7d0lr6phTHd5nkPhFIzTD1idBLLEPeylL9g+rrTzRg==
  dependencies:
    react-is "^16.3.2"
    warning "^3.0.0"

prop-types@^15.6.2:
  version "15.7.2"
  resolved "https://registry.yarnpkg.com/prop-types/-/prop-types-15.7.2.tgz#52c41e75b8c87e72b9d9360e0206b99dcbffa6c5"
  integrity sha512-8QQikdH7//R2vurIJSutZ1smHYTcLpRWEOlHnzcWHmBYrOGUysKwSsrC89BCiFj3CbrfJ/nXFdJepOVrY1GCHQ==
  dependencies:
    loose-envify "^1.4.0"
    object-assign "^4.1.1"
    react-is "^16.8.1"

react-context-toolbox@^2.0.2:
  version "2.0.2"
  resolved "https://registry.yarnpkg.com/react-context-toolbox/-/react-context-toolbox-2.0.2.tgz#35637287cb23f801e6ed802c2bb7a97e1f04e3fb"
  integrity sha512-tY4j0imkYC3n5ZlYSgFkaw7fmlCp3IoQQ6DxpqeNHzcD0hf+6V+/HeJxviLUZ1Rv1Yn3N3xyO2EhkkZwHn0m1A==

react-is@^16.3.2, react-is@^16.8.1:
  version "16.9.0"
  resolved "https://registry.yarnpkg.com/react-is/-/react-is-16.9.0.tgz#21ca9561399aad0ff1a7701c01683e8ca981edcb"
  integrity sha512-tJBzzzIgnnRfEm046qRcURvwQnZVXmuCbscxUO5RWrGTXpon2d4c8mI0D8WE6ydVIm29JiLB6+RslkIvym9Rjw==

react-lifecycles-compat@^3.0.4:
  version "3.0.4"
  resolved "https://registry.yarnpkg.com/react-lifecycles-compat/-/react-lifecycles-compat-3.0.4.tgz#4f1a273afdfc8f3488a8c516bfda78f872352362"
  integrity sha512-fBASbA6LnOU9dOU2eW7aQ8xmYBSXUIWr+UmF9b1efZBazGNO+rcXT/icdKnYm2pTwcRylVUYwW7H1PHfLekVzA==

react-transition-group@^2.5.1:
  version "2.9.0"
  resolved "https://registry.yarnpkg.com/react-transition-group/-/react-transition-group-2.9.0.tgz#df9cdb025796211151a436c69a8f3b97b5b07c8d"
  integrity sha512-+HzNTCHpeQyl4MJ/bdE0u6XRMe9+XG/+aL4mCxVN4DnPBQ0/5bfHWPDuOZUzYdMj94daZaZdCCc1Dzt9R/xSSg==
  dependencies:
    dom-helpers "^3.4.0"
    loose-envify "^1.4.0"
    prop-types "^15.6.2"
    react-lifecycles-compat "^3.0.4"

react@^16.9.0:
  version "16.9.0"
  resolved "https://registry.yarnpkg.com/react/-/react-16.9.0.tgz#40ba2f9af13bc1a38d75dbf2f4359a5185c4f7aa"
  integrity sha512-+7LQnFBwkiw+BobzOF6N//BdoNw0ouwmSJTEm9cglOOmsg/TMiFHZLe2sEoN5M7LgJTj9oHH0gxklfnQe66S1w==
  dependencies:
    loose-envify "^1.1.0"
    object-assign "^4.1.1"
    prop-types "^15.6.2"

regenerator-runtime@^0.13.2:
  version "0.13.3"
  resolved "https://registry.yarnpkg.com/regenerator-runtime/-/regenerator-runtime-0.13.3.tgz#7cf6a77d8f5c6f60eb73c5fc1955b2ceb01e6bf5"
  integrity sha512-naKIZz2GQ8JWh///G7L3X6LaQUAMp2lvb1rvwwsURe/VXwD6VMfr+/1NuNw3ag8v2kY1aQ/go5SNn79O9JU7yw==

uncontrollable@^6.0.0:
  version "6.2.3"
  resolved "https://registry.yarnpkg.com/uncontrollable/-/uncontrollable-6.2.3.tgz#e7dba0d746e075122ed178f27ad2354d343196c7"
  integrity sha512-VgOAoBU2ptCL2bfTG2Mra0I8i1u6Aq84AFonD5tmCAYSfs3hWvr2Rlw0q2ntoxXTHjcQOmZOh3FKaN+UZVyREQ==
  dependencies:
    "@babel/runtime" "^7.4.5"
    invariant "^2.2.4"

warning@^3.0.0:
  version "3.0.0"
  resolved "https://registry.yarnpkg.com/warning/-/warning-3.0.0.tgz#32e5377cb572de4ab04753bdf8821c01ed605b7c"
  integrity sha1-MuU3fLVy3kqwR1O9+IIcAe1gW3w=
  dependencies:
    loose-envify "^1.0.0"
